
Microsoft Visual Studio Solution File, Format Version 12.00
# Visual Studio Version 17
VisualStudioVersion = 17.14.36327.8 d17.14
MinimumVisualStudioVersion = 10.0.40219.1
Project("{FAE04EC0-301F-11D3-BF4B-00C04F79EFBC}") = "WpfPrinter", "WpfPrinter\WpfPrinter.csproj", "{B0F3CD9D-2CB3-4A1F-B4EC-D2DFD602280E}"
EndProject
Global
	GlobalSection(SolutionConfigurationPlatforms) = preSolution
		Debug|Any CPU = Debug|Any CPU
		Release|Any CPU = Release|Any CPU
	EndGlobalSection
	GlobalSection(ProjectConfigurationPlatforms) = postSolution
		{B0F3CD9D-2CB3-4A1F-B4EC-D2DFD602280E}.Debug|Any CPU.ActiveCfg = Debug|Any CPU
		{B0F3CD9D-2CB3-4A1F-B4EC-D2DFD602280E}.Debug|Any CPU.Build.0 = Debug|Any CPU
		{B0F3CD9D-2CB3-4A1F-B4EC-D2DFD602280E}.Release|Any CPU.ActiveCfg = Release|Any CPU
		{B0F3CD9D-2CB3-4A1F-B4EC-D2DFD602280E}.Release|Any CPU.Build.0 = Release|Any CPU
	EndGlobalSection
	GlobalSection(SolutionProperties) = preSolution
		HideSolutionNode = FALSE
	EndGlobalSection
	GlobalSection(ExtensibilityGlobals) = postSolution
		SolutionGuid = {72E84B98-DD97-4395-9876-E47F5616DC66}
	EndGlobalSection
EndGlobal
